
Microsoft Visual Studio Solution File, Format Version 12.00
# Visual Studio Version 17
VisualStudioVersion = 17.3.32929.385
MinimumVisualStudioVersion = 10.0.40219.1
Project("{FAE04EC0-301F-11D3-BF4B-00C04F79EFBC}") = "ProductStoreTest", "ProductStoreTest.csproj", "{0491CAD6-3EEF-4459-8652-5F60837D8A94}"
EndProject
Global
	GlobalSection(SolutionConfigurationPlatforms) = preSolution
		Debug|Any CPU = Debug|Any CPU
		Release|Any CPU = Release|Any CPU
	EndGlobalSection
	GlobalSection(ProjectConfigurationPlatforms) = postSolution
		{0491CAD6-3EEF-4459-8652-5F60837D8A94}.Debug|Any CPU.ActiveCfg = Debug|Any CPU
		{0491CAD6-3EEF-4459-8652-5F60837D8A94}.Debug|Any CPU.Build.0 = Debug|Any CPU
		{0491CAD6-3EEF-4459-8652-5F60837D8A94}.Release|Any CPU.ActiveCfg = Release|Any CPU
		{0491CAD6-3EEF-4459-8652-5F60837D8A94}.Release|Any CPU.Build.0 = Release|Any CPU
	EndGlobalSection
	GlobalSection(SolutionProperties) = preSolution
		HideSolutionNode = FALSE
	EndGlobalSection
	GlobalSection(ExtensibilityGlobals) = postSolution
		SolutionGuid = {CB648D6E-5629-4687-BCA6-F0A3209BBB87}
	EndGlobalSection
EndGlobal
